
Microsoft Visual Studio Solution File, Format Version 12.00
# Visual Studio Version 17
VisualStudioVersion = 17.0.31912.275
MinimumVisualStudioVersion = 10.0.40219.1
Project("{FAE04EC0-301F-11D3-BF4B-00C04F79EFBC}") = "uml-drawing", "uml-drawing\uml-drawing.csproj", "{185C73AB-A60E-4517-A73F-9F3FD49DC46D}"
EndProject
Project("{FAE04EC0-301F-11D3-BF4B-00C04F79EFBC}") = "Logic_Library", "Logic_Library\Logic_Library.csproj", "{D607FCF4-E53D-423C-8FD1-4C51E4FEAC0D}"
EndProject
Project("{FAE04EC0-301F-11D3-BF4B-00C04F79EFBC}") = "Database_Library", "Database_Library\Database_Library.csproj", "{2224F2F4-BE4C-4B6B-9039-41D4392FF4F2}"
EndProject
Global
	GlobalSection(SolutionConfigurationPlatforms) = preSolution
		Debug|Any CPU = Debug|Any CPU
		Release|Any CPU = Release|Any CPU
	EndGlobalSection
	GlobalSection(ProjectConfigurationPlatforms) = postSolution
		{185C73AB-A60E-4517-A73F-9F3FD49DC46D}.Debug|Any CPU.ActiveCfg = Debug|Any CPU
		{185C73AB-A60E-4517-A73F-9F3FD49DC46D}.Debug|Any CPU.Build.0 = Debug|Any CPU
		{185C73AB-A60E-4517-A73F-9F3FD49DC46D}.Release|Any CPU.ActiveCfg = Release|Any CPU
		{185C73AB-A60E-4517-A73F-9F3FD49DC46D}.Release|Any CPU.Build.0 = Release|Any CPU
		{D607FCF4-E53D-423C-8FD1-4C51E4FEAC0D}.Debug|Any CPU.ActiveCfg = Debug|Any CPU
		{D607FCF4-E53D-423C-8FD1-4C51E4FEAC0D}.Debug|Any CPU.Build.0 = Debug|Any CPU
		{D607FCF4-E53D-423C-8FD1-4C51E4FEAC0D}.Release|Any CPU.ActiveCfg = Release|Any CPU
		{D607FCF4-E53D-423C-8FD1-4C51E4FEAC0D}.Release|Any CPU.Build.0 = Release|Any CPU
		{2224F2F4-BE4C-4B6B-9039-41D4392FF4F2}.Debug|Any CPU.ActiveCfg = Debug|Any CPU
		{2224F2F4-BE4C-4B6B-9039-41D4392FF4F2}.Debug|Any CPU.Build.0 = Debug|Any CPU
		{2224F2F4-BE4C-4B6B-9039-41D4392FF4F2}.Release|Any CPU.ActiveCfg = Release|Any CPU
		{2224F2F4-BE4C-4B6B-9039-41D4392FF4F2}.Release|Any CPU.Build.0 = Release|Any CPU
	EndGlobalSection
	GlobalSection(SolutionProperties) = preSolution
		HideSolutionNode = FALSE
	EndGlobalSection
	GlobalSection(ExtensibilityGlobals) = postSolution
		SolutionGuid = {1B107775-4D87-4E08-8F74-800C81ED52BA}
	EndGlobalSection
EndGlobal
